
Microsoft Visual Studio Solution File, Format Version 12.00
# Visual Studio Version 16
VisualStudioVersion = 16.0.28803.352
MinimumVisualStudioVersion = 10.0.40219.1
Project("{FAE04EC0-301F-11D3-BF4B-00C04F79EFBC}") = "game", "game.csproj", "{FE60A132-5F5E-4BC3-BD22-B808366ED2A5}"
EndProject
Project("{FAE04EC0-301F-11D3-BF4B-00C04F79EFBC}") = "Engine", "..\Engine\Engine.csproj", "{CA935A01-A7DC-4709-AE29-DDB76BAC12CA}"
EndProject
Global
	GlobalSection(SolutionConfigurationPlatforms) = preSolution
		Debug|Any CPU = Debug|Any CPU
		Release|Any CPU = Release|Any CPU
	EndGlobalSection
	GlobalSection(ProjectConfigurationPlatforms) = postSolution
		{FE60A132-5F5E-4BC3-BD22-B808366ED2A5}.Debug|Any CPU.ActiveCfg = Debug|Any CPU
		{FE60A132-5F5E-4BC3-BD22-B808366ED2A5}.Debug|Any CPU.Build.0 = Debug|Any CPU
		{FE60A132-5F5E-4BC3-BD22-B808366ED2A5}.Release|Any CPU.ActiveCfg = Release|Any CPU
		{FE60A132-5F5E-4BC3-BD22-B808366ED2A5}.Release|Any CPU.Build.0 = Release|Any CPU
		{CA935A01-A7DC-4709-AE29-DDB76BAC12CA}.Debug|Any CPU.ActiveCfg = Debug|Any CPU
		{CA935A01-A7DC-4709-AE29-DDB76BAC12CA}.Debug|Any CPU.Build.0 = Debug|Any CPU
		{CA935A01-A7DC-4709-AE29-DDB76BAC12CA}.Release|Any CPU.ActiveCfg = Release|Any CPU
		{CA935A01-A7DC-4709-AE29-DDB76BAC12CA}.Release|Any CPU.Build.0 = Release|Any CPU
	EndGlobalSection
	GlobalSection(SolutionProperties) = preSolution
		HideSolutionNode = FALSE
	EndGlobalSection
	GlobalSection(ExtensibilityGlobals) = postSolution
		SolutionGuid = {D06E58CC-ECB2-4429-BC25-A5BF804E4B7B}
	EndGlobalSection
EndGlobal
